
Microsoft Visual Studio Solution File, Format Version 12.00
# Visual Studio 15
VisualStudioVersion = 15.0.28010.2019
MinimumVisualStudioVersion = 10.0.40219.1
Project("{FAE04EC0-301F-11D3-BF4B-00C04F79EFBC}") = "CharacterSheet", "CharacterSheet\CharacterSheet.csproj", "{7395EB94-4089-4AEA-AE35-AD39EAE686A9}"
EndProject
Global
	GlobalSection(SolutionConfigurationPlatforms) = preSolution
		Debug|Any CPU = Debug|Any CPU
		Release|Any CPU = Release|Any CPU
	EndGlobalSection
	GlobalSection(ProjectConfigurationPlatforms) = postSolution
		{7395EB94-4089-4AEA-AE35-AD39EAE686A9}.Debug|Any CPU.ActiveCfg = Debug|Any CPU
		{7395EB94-4089-4AEA-AE35-AD39EAE686A9}.Debug|Any CPU.Build.0 = Debug|Any CPU
		{7395EB94-4089-4AEA-AE35-AD39EAE686A9}.Release|Any CPU.ActiveCfg = Release|Any CPU
		{7395EB94-4089-4AEA-AE35-AD39EAE686A9}.Release|Any CPU.Build.0 = Release|Any CPU
	EndGlobalSection
	GlobalSection(SolutionProperties) = preSolution
		HideSolutionNode = FALSE
	EndGlobalSection
	GlobalSection(ExtensibilityGlobals) = postSolution
		SolutionGuid = {7A433C1E-7A81-4E82-8CA8-D1789A6E89FB}
	EndGlobalSection
EndGlobal
